
Microsoft Visual Studio Solution File, Format Version 12.00
# Visual Studio Version 17
VisualStudioVersion = 17.2.32616.157
MinimumVisualStudioVersion = 10.0.40219.1
Project("{FAE04EC0-301F-11D3-BF4B-00C04F79EFBC}") = "Arrays", "Arrays\Arrays.csproj", "{DFDA8AFB-71DC-46EE-AF07-007DCE07F591}"
EndProject
Global
	GlobalSection(SolutionConfigurationPlatforms) = preSolution
		Debug|Any CPU = Debug|Any CPU
		Release|Any CPU = Release|Any CPU
	EndGlobalSection
	GlobalSection(ProjectConfigurationPlatforms) = postSolution
		{DFDA8AFB-71DC-46EE-AF07-007DCE07F591}.Debug|Any CPU.ActiveCfg = Debug|Any CPU
		{DFDA8AFB-71DC-46EE-AF07-007DCE07F591}.Debug|Any CPU.Build.0 = Debug|Any CPU
		{DFDA8AFB-71DC-46EE-AF07-007DCE07F591}.Release|Any CPU.ActiveCfg = Release|Any CPU
		{DFDA8AFB-71DC-46EE-AF07-007DCE07F591}.Release|Any CPU.Build.0 = Release|Any CPU
	EndGlobalSection
	GlobalSection(SolutionProperties) = preSolution
		HideSolutionNode = FALSE
	EndGlobalSection
	GlobalSection(ExtensibilityGlobals) = postSolution
		SolutionGuid = {11A0BA88-BB8D-424E-833D-02BC2226E1A2}
	EndGlobalSection
EndGlobal
